Microsoft Visual Studio Solution File, Format Version 12.00
# Visual Studio 15
VisualStudioVersion = 15.0.26124.0
MinimumVisualStudioVersion = 15.0.26124.0
Project("{9A19103F-16F7-4668-BE54-9A1E7A4F7556}") = "GitDb.Core", "GitDb.Core\GitDb.Core.csproj", "{D804E658-A82C-4028-8AF3-905C93F81A7A}"
EndProject
Project("{9A19103F-16F7-4668-BE54-9A1E7A4F7556}") = "GitDb.Local", "GitDb.Local\GitDb.Local.csproj", "{20D439D0-407A-4939-9DB2-50A8F8C6A508}"
EndProject
Project("{9A19103F-16F7-4668-BE54-9A1E7A4F7556}") = "GitDb.Remote", "GitDb.Remote\GitDb.Remote.csproj", "{E9398C32-6CC7-40A7-8747-CE68BA8C0E8D}"
EndProject
Project("{9A19103F-16F7-4668-BE54-9A1E7A4F7556}") = "GitDb.Server", "GitDb.Server\GitDb.Server.csproj", "{497D3D89-940C-40C2-8C07-AAAB4A7ECBD3}"
EndProject
Project("{9A19103F-16F7-4668-BE54-9A1E7A4F7556}") = "GitDb.Tests", "GitDb.Tests\GitDb.Tests.csproj", "{D93AF40F-FB72-47CB-958B-30899DAD4215}"
EndProject
Project("{9A19103F-16F7-4668-BE54-9A1E7A4F7556}") = "GitDb.Watcher", "GitDb.Watcher\GitDb.Watcher.csproj", "{1E8FFAB8-3E32-45D9-87B2-5B02151161C3}"
EndProject
Project("{FAE04EC0-301F-11D3-BF4B-00C04F79EFBC}") = "GitDb.ServerNew", "GitDb.ServerNew\GitDb.ServerNew.csproj", "{A5AE1806-2907-4066-9559-B8864CA864E6}"
EndProject
Global
	GlobalSection(SolutionConfigurationPlatforms) = preSolution
		Debug|Any CPU = Debug|Any CPU
		Debug|ARM = Debug|ARM
		Debug|x64 = Debug|x64
		Debug|x86 = Debug|x86
		Release|Any CPU = Release|Any CPU
		Release|ARM = Release|ARM
		Release|x64 = Release|x64
		Release|x86 = Release|x86
	EndGlobalSection
	GlobalSection(ProjectConfigurationPlatforms) = postSolution
		{D804E658-A82C-4028-8AF3-905C93F81A7A}.Debug|Any CPU.ActiveCfg = Debug|Any CPU
		{D804E658-A82C-4028-8AF3-905C93F81A7A}.Debug|Any CPU.Build.0 = Debug|Any CPU
		{D804E658-A82C-4028-8AF3-905C93F81A7A}.Debug|ARM.ActiveCfg = Debug|Any CPU
		{D804E658-A82C-4028-8AF3-905C93F81A7A}.Debug|ARM.Build.0 = Debug|Any CPU
		{D804E658-A82C-4028-8AF3-905C93F81A7A}.Debug|x64.ActiveCfg = Debug|Any CPU
		{D804E658-A82C-4028-8AF3-905C93F81A7A}.Debug|x64.Build.0 = Debug|Any CPU
		{D804E658-A82C-4028-8AF3-905C93F81A7A}.Debug|x86.ActiveCfg = Debug|Any CPU
		{D804E658-A82C-4028-8AF3-905C93F81A7A}.Debug|x86.Build.0 = Debug|Any CPU
		{D804E658-A82C-4028-8AF3-905C93F81A7A}.Release|Any CPU.ActiveCfg = Release|Any CPU
		{D804E658-A82C-4028-8AF3-905C93F81A7A}.Release|Any CPU.Build.0 = Release|Any CPU
		{D804E658-A82C-4028-8AF3-905C93F81A7A}.Release|ARM.ActiveCfg = Release|Any CPU
		{D804E658-A82C-4028-8AF3-905C93F81A7A}.Release|ARM.Build.0 = Release|Any CPU
		{D804E658-A82C-4028-8AF3-905C93F81A7A}.Release|x64.ActiveCfg = Release|Any CPU
		{D804E658-A82C-4028-8AF3-905C93F81A7A}.Release|x64.Build.0 = Release|Any CPU
		{D804E658-A82C-4028-8AF3-905C93F81A7A}.Release|x86.ActiveCfg = Release|Any CPU
		{D804E658-A82C-4028-8AF3-905C93F81A7A}.Release|x86.Build.0 = Release|Any CPU
		{20D439D0-407A-4939-9DB2-50A8F8C6A508}.Debug|Any CPU.ActiveCfg = Debug|Any CPU
		{20D439D0-407A-4939-9DB2-50A8F8C6A508}.Debug|Any CPU.Build.0 = Debug|Any CPU
		{20D439D0-407A-4939-9DB2-50A8F8C6A508}.Debug|ARM.ActiveCfg = Debug|Any CPU
		{20D439D0-407A-4939-9DB2-50A8F8C6A508}.Debug|ARM.Build.0 = Debug|Any CPU
		{20D439D0-407A-4939-9DB2-50A8F8C6A508}.Debug|x64.ActiveCfg = Debug|Any CPU
		{20D439D0-407A-4939-9DB2-50A8F8C6A508}.Debug|x64.Build.0 = Debug|Any CPU
		{20D439D0-407A-4939-9DB2-50A8F8C6A508}.Debug|x86.ActiveCfg = Debug|Any CPU
		{20D439D0-407A-4939-9DB2-50A8F8C6A508}.Debug|x86.Build.0 = Debug|Any CPU
		{20D439D0-407A-4939-9DB2-50A8F8C6A508}.Release|Any CPU.ActiveCfg = Release|Any CPU
		{20D439D0-407A-4939-9DB2-50A8F8C6A508}.Release|Any CPU.Build.0 = Release|Any CPU
		{20D439D0-407A-4939-9DB2-50A8F8C6A508}.Release|ARM.ActiveCfg = Release|Any CPU
		{20D439D0-407A-4939-9DB2-50A8F8C6A508}.Release|ARM.Build.0 = Release|Any CPU
		{20D439D0-407A-4939-9DB2-50A8F8C6A508}.Release|x64.ActiveCfg = Release|Any CPU
		{20D439D0-407A-4939-9DB2-50A8F8C6A508}.Release|x64.Build.0 = Release|Any CPU
		{20D439D0-407A-4939-9DB2-50A8F8C6A508}.Release|x86.ActiveCfg = Release|Any CPU
		{20D439D0-407A-4939-9DB2-50A8F8C6A508}.Release|x86.Build.0 = Release|Any CPU
		{E9398C32-6CC7-40A7-8747-CE68BA8C0E8D}.Debug|Any CPU.ActiveCfg = Debug|Any CPU
		{E9398C32-6CC7-40A7-8747-CE68BA8C0E8D}.Debug|Any CPU.Build.0 = Debug|Any CPU
		{E9398C32-6CC7-40A7-8747-CE68BA8C0E8D}.Debug|ARM.ActiveCfg = Debug|Any CPU
		{E9398C32-6CC7-40A7-8747-CE68BA8C0E8D}.Debug|ARM.Build.0 = Debug|Any CPU
		{E9398C32-6CC7-40A7-8747-CE68BA8C0E8D}.Debug|x64.ActiveCfg = Debug|Any CPU
		{E9398C32-6CC7-40A7-8747-CE68BA8C0E8D}.Debug|x64.Build.0 = Debug|Any CPU
		{E9398C32-6CC7-40A7-8747-CE68BA8C0E8D}.Debug|x86.ActiveCfg = Debug|Any CPU
		{E9398C32-6CC7-40A7-8747-CE68BA8C0E8D}.Debug|x86.Build.0 = Debug|Any CPU
		{E9398C32-6CC7-40A7-8747-CE68BA8C0E8D}.Release|Any CPU.ActiveCfg = Release|Any CPU
		{E9398C32-6CC7-40A7-8747-CE68BA8C0E8D}.Release|Any CPU.Build.0 = Release|Any CPU
		{E9398C32-6CC7-40A7-8747-CE68BA8C0E8D}.Release|ARM.ActiveCfg = Release|Any CPU
		{E9398C32-6CC7-40A7-8747-CE68BA8C0E8D}.Release|ARM.Build.0 = Release|Any CPU
		{E9398C32-6CC7-40A7-8747-CE68BA8C0E8D}.Release|x64.ActiveCfg = Release|Any CPU
		{E9398C32-6CC7-40A7-8747-CE68BA8C0E8D}.Release|x64.Build.0 = Release|Any CPU
		{E9398C32-6CC7-40A7-8747-CE68BA8C0E8D}.Release|x86.ActiveCfg = Release|Any CPU
		{E9398C32-6CC7-40A7-8747-CE68BA8C0E8D}.Release|x86.Build.0 = Release|Any CPU
		{497D3D89-940C-40C2-8C07-AAAB4A7ECBD3}.Debug|Any CPU.ActiveCfg = Debug|Any CPU
		{497D3D89-940C-40C2-8C07-AAAB4A7ECBD3}.Debug|Any CPU.Build.0 = Debug|Any CPU
		{497D3D89-940C-40C2-8C07-AAAB4A7ECBD3}.Debug|ARM.ActiveCfg = Debug|Any CPU
		{497D3D89-940C-40C2-8C07-AAAB4A7ECBD3}.Debug|ARM.Build.0 = Debug|Any CPU
		{497D3D89-940C-40C2-8C07-AAAB4A7ECBD3}.Debug|x64.ActiveCfg = Debug|Any CPU
		{497D3D89-940C-40C2-8C07-AAAB4A7ECBD3}.Debug|x64.Build.0 = Debug|Any CPU
		{497D3D89-940C-40C2-8C07-AAAB4A7ECBD3}.Debug|x86.ActiveCfg = Debug|Any CPU
		{497D3D89-940C-40C2-8C07-AAAB4A7ECBD3}.Debug|x86.Build.0 = Debug|Any CPU
		{497D3D89-940C-40C2-8C07-AAAB4A7ECBD3}.Release|Any CPU.ActiveCfg = Release|Any CPU
		{497D3D89-940C-40C2-8C07-AAAB4A7ECBD3}.Release|Any CPU.Build.0 = Release|Any CPU
		{497D3D89-940C-40C2-8C07-AAAB4A7ECBD3}.Release|ARM.ActiveCfg = Release|Any CPU
		{497D3D89-940C-40C2-8C07-AAAB4A7ECBD3}.Release|ARM.Build.0 = Release|Any CPU
		{497D3D89-940C-40C2-8C07-AAAB4A7ECBD3}.Release|x64.ActiveCfg = Release|Any CPU
		{497D3D89-940C-40C2-8C07-AAAB4A7ECBD3}.Release|x64.Build.0 = Release|Any CPU
		{497D3D89-940C-40C2-8C07-AAAB4A7ECBD3}.Release|x86.ActiveCfg = Release|Any CPU
		{497D3D89-940C-40C2-8C07-AAAB4A7ECBD3}.Release|x86.Build.0 = Release|Any CPU
		{D93AF40F-FB72-47CB-958B-30899DAD4215}.Debug|Any CPU.ActiveCfg = Debug|Any CPU
		{D93AF40F-FB72-47CB-958B-30899DAD4215}.Debug|Any CPU.Build.0 = Debug|Any CPU
		{D93AF40F-FB72-47CB-958B-30899DAD4215}.Debug|ARM.ActiveCfg = Debug|Any CPU
		{D93AF40F-FB72-47CB-958B-30899DAD4215}.Debug|ARM.Build.0 = Debug|Any CPU
		{D93AF40F-FB72-47CB-958B-30899DAD4215}.Debug|x64.ActiveCfg = Debug|Any CPU
		{D93AF40F-FB72-47CB-958B-30899DAD4215}.Debug|x64.Build.0 = Debug|Any CPU
		{D93AF40F-FB72-47CB-958B-30899DAD4215}.Debug|x86.ActiveCfg = Debug|Any CPU
		{D93AF40F-FB72-47CB-958B-30899DAD4215}.Debug|x86.Build.0 = Debug|Any CPU
		{D93AF40F-FB72-47CB-958B-30899DAD4215}.Release|Any CPU.ActiveCfg = Release|Any CPU
		{D93AF40F-FB72-47CB-958B-30899DAD4215}.Release|Any CPU.Build.0 = Release|Any CPU
		{D93AF40F-FB72-47CB-958B-30899DAD4215}.Release|ARM.ActiveCfg = Release|Any CPU
		{D93AF40F-FB72-47CB-958B-30899DAD4215}.Release|ARM.Build.0 = Release|Any CPU
		{D93AF40F-FB72-47CB-958B-30899DAD4215}.Release|x64.ActiveCfg = Release|Any CPU
		{D93AF40F-FB72-47CB-958B-30899DAD4215}.Release|x64.Build.0 = Release|Any CPU
		{D93AF40F-FB72-47CB-958B-30899DAD4215}.Release|x86.ActiveCfg = Release|Any CPU
		{D93AF40F-FB72-47CB-958B-30899DAD4215}.Release|x86.Build.0 = Release|Any CPU
		{1E8FFAB8-3E32-45D9-87B2-5B02151161C3}.Debug|Any CPU.ActiveCfg = Debug|Any CPU
		{1E8FFAB8-3E32-45D9-87B2-5B02151161C3}.Debug|Any CPU.Build.0 = Debug|Any CPU
		{1E8FFAB8-3E32-45D9-87B2-5B02151161C3}.Debug|ARM.ActiveCfg = Debug|Any CPU
		{1E8FFAB8-3E32-45D9-87B2-5B02151161C3}.Debug|ARM.Build.0 = Debug|Any CPU
		{1E8FFAB8-3E32-45D9-87B2-5B02151161C3}.Debug|x64.ActiveCfg = Debug|Any CPU
		{1E8FFAB8-3E32-45D9-87B2-5B02151161C3}.Debug|x64.Build.0 = Debug|Any CPU
		{1E8FFAB8-3E32-45D9-87B2-5B02151161C3}.Debug|x86.ActiveCfg = Debug|Any CPU
		{1E8FFAB8-3E32-45D9-87B2-5B02151161C3}.Debug|x86.Build.0 = Debug|Any CPU
		{1E8FFAB8-3E32-45D9-87B2-5B02151161C3}.Release|Any CPU.ActiveCfg = Release|Any CPU
		{1E8FFAB8-3E32-45D9-87B2-5B02151161C3}.Release|Any CPU.Build.0 = Release|Any CPU
		{1E8FFAB8-3E32-45D9-87B2-5B02151161C3}.Release|ARM.ActiveCfg = Release|Any CPU
		{1E8FFAB8-3E32-45D9-87B2-5B02151161C3}.Release|ARM.Build.0 = Release|Any CPU
		{1E8FFAB8-3E32-45D9-87B2-5B02151161C3}.Release|x64.ActiveCfg = Release|Any CPU
		{1E8FFAB8-3E32-45D9-87B2-5B02151161C3}.Release|x64.Build.0 = Release|Any CPU
		{1E8FFAB8-3E32-45D9-87B2-5B02151161C3}.Release|x86.ActiveCfg = Release|Any CPU
		{1E8FFAB8-3E32-45D9-87B2-5B02151161C3}.Release|x86.Build.0 = Release|Any CPU
		{A5AE1806-2907-4066-9559-B8864CA864E6}.Debug|Any CPU.ActiveCfg = Debug|Any CPU
		{A5AE1806-2907-4066-9559-B8864CA864E6}.Debug|Any CPU.Build.0 = Debug|Any CPU
		{A5AE1806-2907-4066-9559-B8864CA864E6}.Debug|ARM.ActiveCfg = Debug|Any CPU
		{A5AE1806-2907-4066-9559-B8864CA864E6}.Debug|ARM.Build.0 = Debug|Any CPU
		{A5AE1806-2907-4066-9559-B8864CA864E6}.Debug|x64.ActiveCfg = Debug|Any CPU
		{A5AE1806-2907-4066-9559-B8864CA864E6}.Debug|x64.Build.0 = Debug|Any CPU
		{A5AE1806-2907-4066-9559-B8864CA864E6}.Debug|x86.ActiveCfg = Debug|Any CPU
		{A5AE1806-2907-4066-9559-B8864CA864E6}.Debug|x86.Build.0 = Debug|Any CPU
		{A5AE1806-2907-4066-9559-B8864CA864E6}.Release|Any CPU.ActiveCfg = Release|Any CPU
		{A5AE1806-2907-4066-9559-B8864CA864E6}.Release|Any CPU.Build.0 = Release|Any CPU
		{A5AE1806-2907-4066-9559-B8864CA864E6}.Release|ARM.ActiveCfg = Release|Any CPU
		{A5AE1806-2907-4066-9559-B8864CA864E6}.Release|ARM.Build.0 = Release|Any CPU
		{A5AE1806-2907-4066-9559-B8864CA864E6}.Release|x64.ActiveCfg = Release|Any CPU
		{A5AE1806-2907-4066-9559-B8864CA864E6}.Release|x64.Build.0 = Release|Any CPU
		{A5AE1806-2907-4066-9559-B8864CA864E6}.Release|x86.ActiveCfg = Release|Any CPU
		{A5AE1806-2907-4066-9559-B8864CA864E6}.Release|x86.Build.0 = Release|Any CPU
	EndGlobalSection
	GlobalSection(SolutionProperties) = preSolution
		HideSolutionNode = FALSE
	EndGlobalSection
	GlobalSection(ExtensibilityGlobals) = postSolution
		SolutionGuid = {58207788-54E4-4D00-8D12-A90222B9756B}
	EndGlobalSection
EndGlobal
